{
  "version": 4,
  "terraform_version": "1.14.4",
  "serial": 197,
  "lineage": "592ebbec-432f-085d-ab91-3a480634dc9c",
  "outputs": {},
  "resources": [
    {
      "mode": "managed",
      "type": "helm_release",
      "name": "envoy_gateway",
      "provider": "provider[\"registry.terraform.io/hashicorp/helm\"]",
      "instances": [
        {
          "schema_version": 2,
          "attributes": {
            "atomic": false,
            "chart": "gateway-helm",
            "cleanup_on_fail": false,
            "create_namespace": true,
            "dependency_update": false,
            "description": null,
            "devel": null,
            "disable_crd_hooks": false,
            "disable_openapi_validation": false,
            "disable_webhooks": false,
            "force_update": false,
            "id": "envoy-gateway",
            "keyring": null,
            "lint": false,
            "manifest": null,
            "max_history": 0,
            "metadata": {
              "app_version": "v1.7.0",
              "chart": "gateway-helm",
              "first_deployed": 1771932407,
              "last_deployed": 1771932407,
              "name": "envoy-gateway",
              "namespace": "envoy-gateway-system",
              "notes": "**************************************************************************\n*** PLEASE BE PATIENT: Envoy Gateway may take a few minutes to install ***\n**************************************************************************\n\nEnvoy Gateway is an open source project for managing Envoy Proxy as a standalone or Kubernetes-based application gateway.\n\nThank you for installing Envoy Gateway! 🎉\n\nYour release is named: envoy-gateway. 🎉\n\nYour release is in namespace: envoy-gateway-system. 🎉\n\nTo learn more about the release, try:\n\n  $ helm status envoy-gateway -n envoy-gateway-system\n  $ helm get all envoy-gateway -n envoy-gateway-system\n\nTo have a quickstart of Envoy Gateway, please refer to https://gateway.envoyproxy.io/latest/tasks/quickstart.\n\nTo get more details, please visit https://gateway.envoyproxy.io and https://github.com/envoyproxy/gateway.\n",
              "revision": 1,
              "values": "{}",
              "version": "1.7.0"
            },
            "name": "envoy-gateway",
            "namespace": "envoy-gateway-system",
            "pass_credentials": false,
            "postrender": null,
            "recreate_pods": false,
            "render_subchart_notes": true,
            "replace": false,
            "repository": "oci://docker.io/envoyproxy",
            "repository_ca_file": null,
            "repository_cert_file": null,
            "repository_key_file": null,
            "repository_password": null,
            "repository_username": null,
            "reset_values": false,
            "resources": null,
            "reuse_values": false,
            "set": null,
            "set_list": null,
            "set_sensitive": null,
            "set_wo": null,
            "set_wo_revision": null,
            "skip_crds": false,
            "status": "deployed",
            "take_ownership": false,
            "timeout": 300,
            "timeouts": null,
            "upgrade_install": false,
            "values": null,
            "verify": false,
            "version": "1.7.0",
            "wait": true,
            "wait_for_jobs": false
          },
          "sensitive_attributes": [
            [
              {
                "type": "get_attr",
                "value": "repository_password"
              }
            ]
          ],
          "identity_schema_version": 0,
          "identity": {
            "namespace": "envoy-gateway-system",
            "release_name": "envoy-gateway"
          },
          "dependencies": [
            "null_resource.gateway_api_crds"
          ]
        }
      ]
    },
    {
      "mode": "managed",
      "type": "kubernetes_cluster_role",
      "name": "backend_cluster_role",
      "provider": "provider[\"registry.terraform.io/hashicorp/kubernetes\"]",
      "instances": [
        {
          "schema_version": 0,
          "attributes": {
            "aggregation_rule": [],
            "id": "backend-cluster-role",
            "metadata": [
              {
                "annotations": {},
                "generate_name": "",
                "generation": 0,
                "labels": {},
                "name": "backend-cluster-role",
                "resource_version": "128579",
                "uid": "f05c5c61-a892-45b1-ba3c-dc7abf55a8a5"
              }
            ],
            "rule": [
              {
                "api_groups": [
                  ""
                ],
                "non_resource_urls": [],
                "resource_names": [],
                "resources": [
                  "namespaces"
                ],
                "verbs": [
                  "get",
                  "create",
                  "list"
                ]
              },
              {
                "api_groups": [
                  ""
                ],
                "non_resource_urls": [],
                "resource_names": [],
                "resources": [
                  "services",
                  "configmaps",
                  "secrets"
                ],
                "verbs": [
                  "get",
                  "create",
                  "list",
                  "delete"
                ]
              },
              {
                "api_groups": [
                  "apps"
                ],
                "non_resource_urls": [],
                "resource_names": [],
                "resources": [
                  "deployments"
                ],
                "verbs": [
                  "get",
                  "create",
                  "list",
                  "delete"
                ]
              }
            ]
          },
          "sensitive_attributes": [],
          "identity_schema_version": 1,
          "identity": {
            "api_version": "rbac.authorization.k8s.io/v1",
            "kind": "ClusterRole",
            "name": "backend-cluster-role"
          },
          "private": "bnVsbA=="
        }
      ]
    },
    {
      "mode": "managed",
      "type": "kubernetes_cluster_role_binding",
      "name": "backend_binding",
      "provider": "provider[\"registry.terraform.io/hashicorp/kubernetes\"]",
      "instances": [
        {
          "schema_version": 0,
          "attributes": {
            "id": "backend-cluster-binding",
            "metadata": [
              {
                "annotations": {},
                "generate_name": "",
                "generation": 0,
                "labels": {},
                "name": "backend-cluster-binding",
                "resource_version": "128580",
                "uid": "019a4092-2055-48c3-a855-64c95a2daf7b"
              }
            ],
            "role_ref": [
              {
                "api_group": "rbac.authorization.k8s.io",
                "kind": "ClusterRole",
                "name": "backend-cluster-role"
              }
            ],
            "subject": [
              {
                "api_group": "",
                "kind": "ServiceAccount",
                "name": "admin-a",
                "namespace": "mega-project-ns"
              }
            ]
          },
          "sensitive_attributes": [],
          "identity_schema_version": 1,
          "identity": {
            "api_version": "rbac.authorization.k8s.io/v1",
            "kind": "ClusterRoleBinding",
            "name": "backend-cluster-binding"
          },
          "private": "bnVsbA==",
          "dependencies": [
            "kubernetes_cluster_role.backend_cluster_role",
            "kubernetes_namespace.mega_project",
            "kubernetes_service_account.admin_a"
          ]
        }
      ]
    },
    {
      "mode": "managed",
      "type": "kubernetes_deployment",
      "name": "backend",
      "provider": "provider[\"registry.terraform.io/hashicorp/kubernetes\"]",
      "instances": [
        {
          "schema_version": 1,
          "attributes": {
            "id": "mega-project-ns/self-k8s-backend",
            "metadata": [
              {
                "annotations": {},
                "generate_name": "",
                "generation": 33,
                "labels": {
                  "app": "backend"
                },
                "name": "self-k8s-backend",
                "namespace": "mega-project-ns",
                "resource_version": "179893",
                "uid": "c7f91d60-1dc5-404b-b6d0-a06dff285a84"
              }
            ],
            "spec": [
              {
                "min_ready_seconds": 0,
                "paused": false,
                "progress_deadline_seconds": 600,
                "replicas": "1",
                "revision_history_limit": 10,
                "selector": [
                  {
                    "match_expressions": [],
                    "match_labels": {
                      "app": "backend"
                    }
                  }
                ],
                "strategy": [
                  {
                    "rolling_update": [
                      {
                        "max_surge": "25%",
                        "max_unavailable": "25%"
                      }
                    ],
                    "type": "RollingUpdate"
                  }
                ],
                "template": [
                  {
                    "metadata": [
                      {
                        "annotations": {},
                        "generate_name": "",
                        "generation": 0,
                        "labels": {
                          "app": "backend"
                        },
                        "name": "",
                        "namespace": "",
                        "resource_version": "",
                        "uid": ""
                      }
                    ],
                    "spec": [
                      {
                        "active_deadline_seconds": 0,
                        "affinity": [],
                        "automount_service_account_token": true,
                        "container": [
                          {
                            "args": [],
                            "command": [],
                            "env": [],
                            "env_from": [],
                            "image": "nileshnimawat/self-k8s-backend:1.3",
                            "image_pull_policy": "Always",
                            "lifecycle": [],
                            "liveness_probe": [],
                            "name": "flask-app",
                            "port": [
                              {
                                "container_port": 5000,
                                "host_ip": "",
                                "host_port": 0,
                                "name": "",
                                "protocol": "TCP"
                              }
                            ],
                            "readiness_probe": [],
                            "resources": [
                              {
                                "limits": {},
                                "requests": {}
                              }
                            ],
                            "security_context": [],
                            "startup_probe": [],
                            "stdin": false,
                            "stdin_once": false,
                            "termination_message_path": "/dev/termination-log",
                            "termination_message_policy": "File",
                            "tty": false,
                            "volume_device": [],
                            "volume_mount": [],
                            "working_dir": ""
                          }
                        ],
                        "dns_config": [],
                        "dns_policy": "ClusterFirst",
                        "enable_service_links": true,
                        "host_aliases": [],
                        "host_ipc": false,
                        "host_network": false,
                        "host_pid": false,
                        "hostname": "",
                        "image_pull_secrets": [],
                        "init_container": [],
                        "node_name": "",
                        "node_selector": {},
                        "os": [],
                        "priority_class_name": "",
                        "readiness_gate": [],
                        "restart_policy": "Always",
                        "runtime_class_name": "",
                        "scheduler_name": "default-scheduler",
                        "security_context": [],
                        "service_account_name": "admin-a",
                        "share_process_namespace": false,
                        "subdomain": "",
                        "termination_grace_period_seconds": 30,
                        "toleration": [],
                        "topology_spread_constraint": [],
                        "volume": []
                      }
                    ]
                  }
                ]
              }
            ],
            "timeouts": null,
            "wait_for_rollout": true
          },
          "sensitive_attributes": [],
          "identity_schema_version": 1,
          "identity": {
            "api_version": "apps/v1",
            "kind": "Deployment",
            "name": "self-k8s-backend",
            "namespace": "mega-project-ns"
          },
          "private": "eyJlMmJmYjczMC1lY2FhLTExZTYtOGY4OC0zNDM2M2JjN2M0YzAiOnsiY3JlYXRlIjo2MDAwMDAwMDAwMDAsImRlbGV0ZSI6NjAwMDAwMDAwMDAwLCJ1cGRhdGUiOjYwMDAwMDAwMDAwMH0sInNjaGVtYV92ZXJzaW9uIjoiMSJ9",
          "dependencies": [
            "kubernetes_namespace.mega_project",
            "kubernetes_service_account.admin_a"
          ]
        }
      ]
    },
    {
      "mode": "managed",
      "type": "kubernetes_deployment",
      "name": "frontend",
      "provider": "provider[\"registry.terraform.io/hashicorp/kubernetes\"]",
      "instances": [
        {
          "schema_version": 1,
          "attributes": {
            "id": "mega-project-ns/self-k8s-frontend",
            "metadata": [
              {
                "annotations": {},
                "generate_name": "",
                "generation": 18,
                "labels": {
                  "app": "frontend"
                },
                "name": "self-k8s-frontend",
                "namespace": "mega-project-ns",
                "resource_version": "179125",
                "uid": "ecbbaab7-f527-4b75-bbcd-86d5fd8901a7"
              }
            ],
            "spec": [
              {
                "min_ready_seconds": 0,
                "paused": false,
                "progress_deadline_seconds": 600,
                "replicas": "1",
                "revision_history_limit": 10,
                "selector": [
                  {
                    "match_expressions": [],
                    "match_labels": {
                      "app": "frontend"
                    }
                  }
                ],
                "strategy": [
                  {
                    "rolling_update": [
                      {
                        "max_surge": "25%",
                        "max_unavailable": "25%"
                      }
                    ],
                    "type": "RollingUpdate"
                  }
                ],
                "template": [
                  {
                    "metadata": [
                      {
                        "annotations": {},
                        "generate_name": "",
                        "generation": 0,
                        "labels": {
                          "app": "frontend"
                        },
                        "name": "",
                        "namespace": "",
                        "resource_version": "",
                        "uid": ""
                      }
                    ],
                    "spec": [
                      {
                        "active_deadline_seconds": 0,
                        "affinity": [],
                        "automount_service_account_token": true,
                        "container": [
                          {
                            "args": [],
                            "command": [],
                            "env": [],
                            "env_from": [],
                            "image": "nileshnimawat/self-k8s-frontend:1.1",
                            "image_pull_policy": "Always",
                            "lifecycle": [],
                            "liveness_probe": [],
                            "name": "frontend-app",
                            "port": [
                              {
                                "container_port": 80,
                                "host_ip": "",
                                "host_port": 0,
                                "name": "",
                                "protocol": "TCP"
                              }
                            ],
                            "readiness_probe": [],
                            "resources": [
                              {
                                "limits": {},
                                "requests": {}
                              }
                            ],
                            "security_context": [],
                            "startup_probe": [],
                            "stdin": false,
                            "stdin_once": false,
                            "termination_message_path": "/dev/termination-log",
                            "termination_message_policy": "File",
                            "tty": false,
                            "volume_device": [],
                            "volume_mount": [],
                            "working_dir": ""
                          }
                        ],
                        "dns_config": [],
                        "dns_policy": "ClusterFirst",
                        "enable_service_links": true,
                        "host_aliases": [],
                        "host_ipc": false,
                        "host_network": false,
                        "host_pid": false,
                        "hostname": "",
                        "image_pull_secrets": [],
                        "init_container": [],
                        "node_name": "",
                        "node_selector": {},
                        "os": [],
                        "priority_class_name": "",
                        "readiness_gate": [],
                        "restart_policy": "Always",
                        "runtime_class_name": "",
                        "scheduler_name": "default-scheduler",
                        "security_context": [],
                        "service_account_name": "",
                        "share_process_namespace": false,
                        "subdomain": "",
                        "termination_grace_period_seconds": 30,
                        "toleration": [],
                        "topology_spread_constraint": [],
                        "volume": []
                      }
                    ]
                  }
                ]
              }
            ],
            "timeouts": null,
            "wait_for_rollout": true
          },
          "sensitive_attributes": [],
          "identity_schema_version": 1,
          "identity": {
            "api_version": "apps/v1",
            "kind": "Deployment",
            "name": "self-k8s-frontend",
            "namespace": "mega-project-ns"
          },
          "private": "eyJlMmJmYjczMC1lY2FhLTExZTYtOGY4OC0zNDM2M2JjN2M0YzAiOnsiY3JlYXRlIjo2MDAwMDAwMDAwMDAsImRlbGV0ZSI6NjAwMDAwMDAwMDAwLCJ1cGRhdGUiOjYwMDAwMDAwMDAwMH0sInNjaGVtYV92ZXJzaW9uIjoiMSJ9",
          "dependencies": [
            "kubernetes_namespace.mega_project"
          ]
        }
      ]
    },
    {
      "mode": "managed",
      "type": "kubernetes_manifest",
      "name": "envoy_gateway_class",
      "provider": "provider[\"registry.terraform.io/hashicorp/kubernetes\"]",
      "instances": [
        {
          "schema_version": 1,
          "attributes": {
            "computed_fields": null,
            "field_manager": [],
            "manifest": {
              "value": {
                "apiVersion": "gateway.networking.k8s.io/v1",
                "kind": "GatewayClass",
                "metadata": {
                  "name": "envoy-gateway-class"
                },
                "spec": {
                  "controllerName": "gateway.envoyproxy.io/gatewayclass-controller"
                }
              },
              "type": [
                "object",
                {
                  "apiVersion": "string",
                  "kind": "string",
                  "metadata": [
                    "object",
                    {
                      "name": "string"
                    }
                  ],
                  "spec": [
                    "object",
                    {
                      "controllerName": "string"
                    }
                  ]
                }
              ]
            },
            "object": {
              "value": {
                "apiVersion": "gateway.networking.k8s.io/v1",
                "kind": "GatewayClass",
                "metadata": {
                  "annotations": null,
                  "creationTimestamp": null,
                  "deletionGracePeriodSeconds": null,
                  "deletionTimestamp": null,
                  "finalizers": [
                    "gateway-exists-finalizer.gateway.networking.k8s.io"
                  ],
                  "generateName": null,
                  "generation": null,
                  "labels": null,
                  "managedFields": null,
                  "name": "envoy-gateway-class",
                  "namespace": null,
                  "ownerReferences": null,
                  "resourceVersion": null,
                  "selfLink": null,
                  "uid": null
                },
                "spec": {
                  "controllerName": "gateway.envoyproxy.io/gatewayclass-controller",
                  "description": null,
                  "parametersRef": {
                    "group": null,
                    "kind": null,
                    "name": null,
                    "namespace": null
                  }
                }
              },
              "type": [
                "object",
                {
                  "apiVersion": "string",
                  "kind": "string",
                  "metadata": [
                    "object",
                    {
                      "annotations": [
                        "map",
                        "string"
                      ],
                      "creationTimestamp": "string",
                      "deletionGracePeriodSeconds": "number",
                      "deletionTimestamp": "string",
                      "finalizers": [
                        "list",
                        "string"
                      ],
                      "generateName": "string",
                      "generation": "number",
                      "labels": [
                        "map",
                        "string"
                      ],
                      "managedFields": [
                        "tuple",
                        [
                          [
                            "object",
                            {
                              "apiVersion": "string",
                              "fieldsType": "string",
                              "fieldsV1": "dynamic",
                              "manager": "string",
                              "operation": "string",
                              "subresource": "string",
                              "time": "string"
                            }
                          ]
                        ]
                      ],
                      "name": "string",
                      "namespace": "string",
                      "ownerReferences": [
                        "list",
                        [
                          "object",
                          {
                            "apiVersion": "string",
                            "blockOwnerDeletion": "bool",
                            "controller": "bool",
                            "kind": "string",
                            "name": "string",
                            "uid": "string"
                          }
                        ]
                      ],
                      "resourceVersion": "string",
                      "selfLink": "string",
                      "uid": "string"
                    }
                  ],
                  "spec": [
                    "object",
                    {
                      "controllerName": "string",
                      "description": "string",
                      "parametersRef": [
                        "object",
                        {
                          "group": "string",
                          "kind": "string",
                          "name": "string",
                          "namespace": "string"
                        }
                      ]
                    }
                  ]
                }
              ]
            },
            "timeouts": [],
            "wait": [],
            "wait_for": null
          },
          "sensitive_attributes": [],
          "identity_schema_version": 1,
          "identity": {
            "api_version": "gateway.networking.k8s.io/v1",
            "kind": "GatewayClass",
            "name": "envoy-gateway-class",
            "namespace": ""
          },
          "dependencies": [
            "helm_release.envoy_gateway",
            "null_resource.gateway_api_crds"
          ]
        }
      ]
    },
    {
      "mode": "managed",
      "type": "kubernetes_manifest",
      "name": "http_route",
      "provider": "provider[\"registry.terraform.io/hashicorp/kubernetes\"]",
      "instances": [
        {
          "schema_version": 1,
          "attributes": {
            "computed_fields": null,
            "field_manager": [],
            "manifest": {
              "value": {
                "apiVersion": "gateway.networking.k8s.io/v1",
                "kind": "HTTPRoute",
                "metadata": {
                  "name": "my-app-route",
                  "namespace": "mega-project-ns"
                },
                "spec": {
                  "hostnames": [
                    "nilesh.appperfect.com"
                  ],
                  "parentRefs": [
                    {
                      "name": "my-gateway",
                      "namespace": "mega-project-ns"
                    }
                  ],
                  "rules": [
                    {
                      "backendRefs": [
                        {
                          "name": "backend-service",
                          "port": 5000
                        }
                      ],
                      "matches": [
                        {
                          "path": {
                            "type": "PathPrefix",
                            "value": "/api"
                          }
                        }
                      ]
                    },
                    {
                      "backendRefs": [
                        {
                          "name": "frontend-service",
                          "port": 80
                        }
                      ],
                      "matches": [
                        {
                          "path": {
                            "type": "PathPrefix",
                            "value": "/"
                          }
                        }
                      ]
                    }
                  ]
                }
              },
              "type": [
                "object",
                {
                  "apiVersion": "string",
                  "kind": "string",
                  "metadata": [
                    "object",
                    {
                      "name": "string",
                      "namespace": "string"
                    }
                  ],
                  "spec": [
                    "object",
                    {
                      "hostnames": [
                        "tuple",
                        [
                          "string"
                        ]
                      ],
                      "parentRefs": [
                        "tuple",
                        [
                          [
                            "object",
                            {
                              "name": "string",
                              "namespace": "string"
                            }
                          ]
                        ]
                      ],
                      "rules": [
                        "tuple",
                        [
                          [
                            "object",
                            {
                              "backendRefs": [
                                "tuple",
                                [
                                  [
                                    "object",
                                    {
                                      "name": "string",
                                      "port": "number"
                                    }
                                  ]
                                ]
                              ],
                              "matches": [
                                "tuple",
                                [
                                  [
                                    "object",
                                    {
                                      "path": [
                                        "object",
                                        {
                                          "type": "string",
                                          "value": "string"
                                        }
                                      ]
                                    }
                                  ]
                                ]
                              ]
                            }
                          ],
                          [
                            "object",
                            {
                              "backendRefs": [
                                "tuple",
                                [
                                  [
                                    "object",
                                    {
                                      "name": "string",
                                      "port": "number"
                                    }
                                  ]
                                ]
                              ],
                              "matches": [
                                "tuple",
                                [
                                  [
                                    "object",
                                    {
                                      "path": [
                                        "object",
                                        {
                                          "type": "string",
                                          "value": "string"
                                        }
                                      ]
                                    }
                                  ]
                                ]
                              ]
                            }
                          ]
                        ]
                      ]
                    }
                  ]
                }
              ]
            },
            "object": {
              "value": {
                "apiVersion": "gateway.networking.k8s.io/v1",
                "kind": "HTTPRoute",
                "metadata": {
                  "annotations": null,
                  "creationTimestamp": null,
                  "deletionGracePeriodSeconds": null,
                  "deletionTimestamp": null,
                  "finalizers": null,
                  "generateName": null,
                  "generation": null,
                  "labels": null,
                  "managedFields": null,
                  "name": "my-app-route",
                  "namespace": "mega-project-ns",
                  "ownerReferences": null,
                  "resourceVersion": null,
                  "selfLink": null,
                  "uid": null
                },
                "spec": {
                  "hostnames": [
                    "nilesh.appperfect.com"
                  ],
                  "parentRefs": [
                    {
                      "group": "gateway.networking.k8s.io",
                      "kind": "Gateway",
                      "name": "my-gateway",
                      "namespace": "mega-project-ns",
                      "sectionName": null
                    }
                  ],
                  "rules": [
                    {
                      "backendRefs": [
                        {
                          "filters": null,
                          "group": "",
                          "kind": "Service",
                          "name": "backend-service",
                          "namespace": null,
                          "port": 5000,
                          "weight": 1
                        }
                      ],
                      "filters": null,
                      "matches": [
                        {
                          "headers": null,
                          "method": null,
                          "path": {
                            "type": "PathPrefix",
                            "value": "/api"
                          },
                          "queryParams": null
                        }
                      ]
                    },
                    {
                      "backendRefs": [
                        {
                          "filters": null,
                          "group": "",
                          "kind": "Service",
                          "name": "frontend-service",
                          "namespace": null,
                          "port": 80,
                          "weight": 1
                        }
                      ],
                      "filters": null,
                      "matches": [
                        {
                          "headers": null,
                          "method": null,
                          "path": {
                            "type": "PathPrefix",
                            "value": "/"
                          },
                          "queryParams": null
                        }
                      ]
                    }
                  ]
                }
              },
              "type": [
                "object",
                {
                  "apiVersion": "string",
                  "kind": "string",
                  "metadata": [
                    "object",
                    {
                      "annotations": [
                        "map",
                        "string"
                      ],
                      "creationTimestamp": "string",
                      "deletionGracePeriodSeconds": "number",
                      "deletionTimestamp": "string",
                      "finalizers": [
                        "list",
                        "string"
                      ],
                      "generateName": "string",
                      "generation": "number",
                      "labels": [
                        "map",
                        "string"
                      ],
                      "managedFields": [
                        "tuple",
                        [
                          [
                            "object",
                            {
                              "apiVersion": "string",
                              "fieldsType": "string",
                              "fieldsV1": "dynamic",
                              "manager": "string",
                              "operation": "string",
                              "subresource": "string",
                              "time": "string"
                            }
                          ]
                        ]
                      ],
                      "name": "string",
                      "namespace": "string",
                      "ownerReferences": [
                        "list",
                        [
                          "object",
                          {
                            "apiVersion": "string",
                            "blockOwnerDeletion": "bool",
                            "controller": "bool",
                            "kind": "string",
                            "name": "string",
                            "uid": "string"
                          }
                        ]
                      ],
                      "resourceVersion": "string",
                      "selfLink": "string",
                      "uid": "string"
                    }
                  ],
                  "spec": [
                    "object",
                    {
                      "hostnames": [
                        "list",
                        "string"
                      ],
                      "parentRefs": [
                        "list",
                        [
                          "object",
                          {
                            "group": "string",
                            "kind": "string",
                            "name": "string",
                            "namespace": "string",
                            "sectionName": "string"
                          }
                        ]
                      ],
                      "rules": [
                        "list",
                        [
                          "object",
                          {
                            "backendRefs": [
                              "list",
                              [
                                "object",
                                {
                                  "filters": [
                                    "list",
                                    [
                                      "object",
                                      {
                                        "extensionRef": [
                                          "object",
                                          {
                                            "group": "string",
                                            "kind": "string",
                                            "name": "string"
                                          }
                                        ],
                                        "requestHeaderModifier": [
                                          "object",
                                          {
                                            "add": [
                                              "list",
                                              [
                                                "object",
                                                {
                                                  "name": "string",
                                                  "value": "string"
                                                }
                                              ]
                                            ],
                                            "remove": [
                                              "list",
                                              "string"
                                            ],
                                            "set": [
                                              "list",
                                              [
                                                "object",
                                                {
                                                  "name": "string",
                                                  "value": "string"
                                                }
                                              ]
                                            ]
                                          }
                                        ],
                                        "requestMirror": [
                                          "object",
                                          {
                                            "backendRef": [
                                              "object",
                                              {
                                                "group": "string",
                                                "kind": "string",
                                                "name": "string",
                                                "namespace": "string",
                                                "port": "number"
                                              }
                                            ]
                                          }
                                        ],
                                        "requestRedirect": [
                                          "object",
                                          {
                                            "hostname": "string",
                                            "path": [
                                              "object",
                                              {
                                                "replaceFullPath": "string",
                                                "replacePrefixMatch": "string",
                                                "type": "string"
                                              }
                                            ],
                                            "port": "number",
                                            "scheme": "string",
                                            "statusCode": "number"
                                          }
                                        ],
                                        "responseHeaderModifier": [
                                          "object",
                                          {
                                            "add": [
                                              "list",
                                              [
                                                "object",
                                                {
                                                  "name": "string",
                                                  "value": "string"
                                                }
                                              ]
                                            ],
                                            "remove": [
                                              "list",
                                              "string"
                                            ],
                                            "set": [
                                              "list",
                                              [
                                                "object",
                                                {
                                                  "name": "string",
                                                  "value": "string"
                                                }
                                              ]
                                            ]
                                          }
                                        ],
                                        "type": "string",
                                        "urlRewrite": [
                                          "object",
                                          {
                                            "hostname": "string",
                                            "path": [
                                              "object",
                                              {
                                                "replaceFullPath": "string",
                                                "replacePrefixMatch": "string",
                                                "type": "string"
                                              }
                                            ]
                                          }
                                        ]
                                      }
                                    ]
                                  ],
                                  "group": "string",
                                  "kind": "string",
                                  "name": "string",
                                  "namespace": "string",
                                  "port": "number",
                                  "weight": "number"
                                }
                              ]
                            ],
                            "filters": [
                              "list",
                              [
                                "object",
                                {
                                  "extensionRef": [
                                    "object",
                                    {
                                      "group": "string",
                                      "kind": "string",
                                      "name": "string"
                                    }
                                  ],
                                  "requestHeaderModifier": [
                                    "object",
                                    {
                                      "add": [
                                        "list",
                                        [
                                          "object",
                                          {
                                            "name": "string",
                                            "value": "string"
                                          }
                                        ]
                                      ],
                                      "remove": [
                                        "list",
                                        "string"
                                      ],
                                      "set": [
                                        "list",
                                        [
                                          "object",
                                          {
                                            "name": "string",
                                            "value": "string"
                                          }
                                        ]
                                      ]
                                    }
                                  ],
                                  "requestMirror": [
                                    "object",
                                    {
                                      "backendRef": [
                                        "object",
                                        {
                                          "group": "string",
                                          "kind": "string",
                                          "name": "string",
                                          "namespace": "string",
                                          "port": "number"
                                        }
                                      ]
                                    }
                                  ],
                                  "requestRedirect": [
                                    "object",
                                    {
                                      "hostname": "string",
                                      "path": [
                                        "object",
                                        {
                                          "replaceFullPath": "string",
                                          "replacePrefixMatch": "string",
                                          "type": "string"
                                        }
                                      ],
                                      "port": "number",
                                      "scheme": "string",
                                      "statusCode": "number"
                                    }
                                  ],
                                  "responseHeaderModifier": [
                                    "object",
                                    {
                                      "add": [
                                        "list",
                                        [
                                          "object",
                                          {
                                            "name": "string",
                                            "value": "string"
                                          }
                                        ]
                                      ],
                                      "remove": [
                                        "list",
                                        "string"
                                      ],
                                      "set": [
                                        "list",
                                        [
                                          "object",
                                          {
                                            "name": "string",
                                            "value": "string"
                                          }
                                        ]
                                      ]
                                    }
                                  ],
                                  "type": "string",
                                  "urlRewrite": [
                                    "object",
                                    {
                                      "hostname": "string",
                                      "path": [
                                        "object",
                                        {
                                          "replaceFullPath": "string",
                                          "replacePrefixMatch": "string",
                                          "type": "string"
                                        }
                                      ]
                                    }
                                  ]
                                }
                              ]
                            ],
                            "matches": [
                              "list",
                              [
                                "object",
                                {
                                  "headers": [
                                    "list",
                                    [
                                      "object",
                                      {
                                        "name": "string",
                                        "type": "string",
                                        "value": "string"
                                      }
                                    ]
                                  ],
                                  "method": "string",
                                  "path": [
                                    "object",
                                    {
                                      "type": "string",
                                      "value": "string"
                                    }
                                  ],
                                  "queryParams": [
                                    "list",
                                    [
                                      "object",
                                      {
                                        "name": "string",
                                        "type": "string",
                                        "value": "string"
                                      }
                                    ]
                                  ]
                                }
                              ]
                            ]
                          }
                        ]
                      ]
                    }
                  ]
                }
              ]
            },
            "timeouts": [],
            "wait": [],
            "wait_for": null
          },
          "sensitive_attributes": [],
          "identity_schema_version": 1,
          "identity": {
            "api_version": "gateway.networking.k8s.io/v1",
            "kind": "HTTPRoute",
            "name": "my-app-route",
            "namespace": "mega-project-ns"
          },
          "dependencies": [
            "kubernetes_namespace.mega_project"
          ]
        }
      ]
    },
    {
      "mode": "managed",
      "type": "kubernetes_manifest",
      "name": "my_gateway",
      "provider": "provider[\"registry.terraform.io/hashicorp/kubernetes\"]",
      "instances": [
        {
          "schema_version": 1,
          "attributes": {
            "computed_fields": null,
            "field_manager": [],
            "manifest": {
              "value": {
                "apiVersion": "gateway.networking.k8s.io/v1",
                "kind": "Gateway",
                "metadata": {
                  "name": "my-gateway",
                  "namespace": "mega-project-ns"
                },
                "spec": {
                  "gatewayClassName": "envoy-gateway-class",
                  "listeners": [
                    {
                      "allowedRoutes": {
                        "namespaces": {
                          "from": "All"
                        }
                      },
                      "name": "https",
                      "port": 443,
                      "protocol": "HTTPS",
                      "tls": {
                        "certificateRefs": [
                          {
                            "name": "gateway-tls",
                            "namespace": "mega-project-ns"
                          }
                        ],
                        "mode": "Terminate"
                      }
                    }
                  ]
                }
              },
              "type": [
                "object",
                {
                  "apiVersion": "string",
                  "kind": "string",
                  "metadata": [
                    "object",
                    {
                      "name": "string",
                      "namespace": "string"
                    }
                  ],
                  "spec": [
                    "object",
                    {
                      "gatewayClassName": "string",
                      "listeners": [
                        "tuple",
                        [
                          [
                            "object",
                            {
                              "allowedRoutes": [
                                "object",
                                {
                                  "namespaces": [
                                    "object",
                                    {
                                      "from": "string"
                                    }
                                  ]
                                }
                              ],
                              "name": "string",
                              "port": "number",
                              "protocol": "string",
                              "tls": [
                                "object",
                                {
                                  "certificateRefs": [
                                    "tuple",
                                    [
                                      [
                                        "object",
                                        {
                                          "name": "string",
                                          "namespace": "string"
                                        }
                                      ]
                                    ]
                                  ],
                                  "mode": "string"
                                }
                              ]
                            }
                          ]
                        ]
                      ]
                    }
                  ]
                }
              ]
            },
            "object": {
              "value": {
                "apiVersion": "gateway.networking.k8s.io/v1",
                "kind": "Gateway",
                "metadata": {
                  "annotations": null,
                  "creationTimestamp": null,
                  "deletionGracePeriodSeconds": null,
                  "deletionTimestamp": null,
                  "finalizers": null,
                  "generateName": null,
                  "generation": null,
                  "labels": null,
                  "managedFields": null,
                  "name": "my-gateway",
                  "namespace": "mega-project-ns",
                  "ownerReferences": null,
                  "resourceVersion": null,
                  "selfLink": null,
                  "uid": null
                },
                "spec": {
                  "addresses": null,
                  "gatewayClassName": "envoy-gateway-class",
                  "listeners": [
                    {
                      "allowedRoutes": {
                        "kinds": null,
                        "namespaces": {
                          "from": "All",
                          "selector": {
                            "matchExpressions": null,
                            "matchLabels": null
                          }
                        }
                      },
                      "hostname": null,
                      "name": "https",
                      "port": 443,
                      "protocol": "HTTPS",
                      "tls": {
                        "certificateRefs": [
                          {
                            "group": "",
                            "kind": "Secret",
                            "name": "gateway-tls",
                            "namespace": "mega-project-ns"
                          }
                        ],
                        "mode": "Terminate",
                        "options": null
                      }
                    }
                  ]
                }
              },
              "type": [
                "object",
                {
                  "apiVersion": "string",
                  "kind": "string",
                  "metadata": [
                    "object",
                    {
                      "annotations": [
                        "map",
                        "string"
                      ],
                      "creationTimestamp": "string",
                      "deletionGracePeriodSeconds": "number",
                      "deletionTimestamp": "string",
                      "finalizers": [
                        "list",
                        "string"
                      ],
                      "generateName": "string",
                      "generation": "number",
                      "labels": [
                        "map",
                        "string"
                      ],
                      "managedFields": [
                        "tuple",
                        [
                          [
                            "object",
                            {
                              "apiVersion": "string",
                              "fieldsType": "string",
                              "fieldsV1": "dynamic",
                              "manager": "string",
                              "operation": "string",
                              "subresource": "string",
                              "time": "string"
                            }
                          ]
                        ]
                      ],
                      "name": "string",
                      "namespace": "string",
                      "ownerReferences": [
                        "list",
                        [
                          "object",
                          {
                            "apiVersion": "string",
                            "blockOwnerDeletion": "bool",
                            "controller": "bool",
                            "kind": "string",
                            "name": "string",
                            "uid": "string"
                          }
                        ]
                      ],
                      "resourceVersion": "string",
                      "selfLink": "string",
                      "uid": "string"
                    }
                  ],
                  "spec": [
                    "object",
                    {
                      "addresses": [
                        "list",
                        [
                          "object",
                          {
                            "type": "string",
                            "value": "string"
                          }
                        ]
                      ],
                      "gatewayClassName": "string",
                      "listeners": [
                        "list",
                        [
                          "object",
                          {
                            "allowedRoutes": [
                              "object",
                              {
                                "kinds": [
                                  "list",
                                  [
                                    "object",
                                    {
                                      "group": "string",
                                      "kind": "string"
                                    }
                                  ]
                                ],
                                "namespaces": [
                                  "object",
                                  {
                                    "from": "string",
                                    "selector": [
                                      "object",
                                      {
                                        "matchExpressions": [
                                          "list",
                                          [
                                            "object",
                                            {
                                              "key": "string",
                                              "operator": "string",
                                              "values": [
                                                "list",
                                                "string"
                                              ]
                                            }
                                          ]
                                        ],
                                        "matchLabels": [
                                          "map",
                                          "string"
                                        ]
                                      }
                                    ]
                                  }
                                ]
                              }
                            ],
                            "hostname": "string",
                            "name": "string",
                            "port": "number",
                            "protocol": "string",
                            "tls": [
                              "object",
                              {
                                "certificateRefs": [
                                  "list",
                                  [
                                    "object",
                                    {
                                      "group": "string",
                                      "kind": "string",
                                      "name": "string",
                                      "namespace": "string"
                                    }
                                  ]
                                ],
                                "mode": "string",
                                "options": [
                                  "map",
                                  "string"
                                ]
                              }
                            ]
                          }
                        ]
                      ]
                    }
                  ]
                }
              ]
            },
            "timeouts": [],
            "wait": [],
            "wait_for": null
          },
          "sensitive_attributes": [],
          "identity_schema_version": 1,
          "identity": {
            "api_version": "gateway.networking.k8s.io/v1",
            "kind": "Gateway",
            "name": "my-gateway",
            "namespace": "mega-project-ns"
          },
          "dependencies": [
            "helm_release.envoy_gateway",
            "kubernetes_manifest.envoy_gateway_class",
            "kubernetes_namespace.mega_project",
            "null_resource.gateway_api_crds"
          ]
        }
      ]
    },
    {
      "mode": "managed",
      "type": "kubernetes_namespace",
      "name": "mega_project",
      "provider": "provider[\"registry.terraform.io/hashicorp/kubernetes\"]",
      "instances": [
        {
          "schema_version": 0,
          "attributes": {
            "id": "mega-project-ns",
            "metadata": [
              {
                "annotations": {},
                "generate_name": "",
                "generation": 0,
                "labels": {},
                "name": "mega-project-ns",
                "resource_version": "134616",
                "uid": "274c4e45-ea8f-4f22-b6cf-a8fa6c7511b7"
              }
            ],
            "timeouts": null,
            "wait_for_default_service_account": false
          },
          "sensitive_attributes": [],
          "identity_schema_version": 1,
          "identity": {
            "api_version": "v1",
            "kind": "Namespace",
            "name": "mega-project-ns"
          },
          "private": "eyJlMmJmYjczMC1lY2FhLTExZTYtOGY4OC0zNDM2M2JjN2M0YzAiOnsiZGVsZXRlIjozMDAwMDAwMDAwMDB9fQ=="
        }
      ]
    },
    {
      "mode": "managed",
      "type": "kubernetes_namespace",
      "name": "user_a_ns",
      "provider": "provider[\"registry.terraform.io/hashicorp/kubernetes\"]",
      "instances": [
        {
          "schema_version": 0,
          "attributes": {
            "id": "user-a-ns",
            "metadata": [
              {
                "annotations": {},
                "generate_name": "",
                "generation": 0,
                "labels": {},
                "name": "user-a-ns",
                "resource_version": "99626",
                "uid": "a83b527b-9295-413d-980c-c106a787e825"
              }
            ],
            "timeouts": null,
            "wait_for_default_service_account": false
          },
          "sensitive_attributes": [],
          "identity_schema_version": 1,
          "identity": {
            "api_version": "v1",
            "kind": "Namespace",
            "name": "user-a-ns"
          },
          "private": "eyJlMmJmYjczMC1lY2FhLTExZTYtOGY4OC0zNDM2M2JjN2M0YzAiOnsiZGVsZXRlIjozMDAwMDAwMDAwMDB9fQ=="
        }
      ]
    },
    {
      "mode": "managed",
      "type": "kubernetes_namespace",
      "name": "user_b_ns",
      "provider": "provider[\"registry.terraform.io/hashicorp/kubernetes\"]",
      "instances": [
        {
          "schema_version": 0,
          "attributes": {
            "id": "user-b-ns",
            "metadata": [
              {
                "annotations": {},
                "generate_name": "",
                "generation": 0,
                "labels": {},
                "name": "user-b-ns",
                "resource_version": "99622",
                "uid": "89f06329-656b-4b6b-9e32-30851706335e"
              }
            ],
            "timeouts": null,
            "wait_for_default_service_account": false
          },
          "sensitive_attributes": [],
          "identity_schema_version": 1,
          "identity": {
            "api_version": "v1",
            "kind": "Namespace",
            "name": "user-b-ns"
          },
          "private": "eyJlMmJmYjczMC1lY2FhLTExZTYtOGY4OC0zNDM2M2JjN2M0YzAiOnsiZGVsZXRlIjozMDAwMDAwMDAwMDB9fQ=="
        }
      ]
    },
    {
      "mode": "managed",
      "type": "kubernetes_namespace",
      "name": "user_c_ns",
      "provider": "provider[\"registry.terraform.io/hashicorp/kubernetes\"]",
      "instances": [
        {
          "schema_version": 0,
          "attributes": {
            "id": "user-c-ns",
            "metadata": [
              {
                "annotations": {},
                "generate_name": "",
                "generation": 0,
                "labels": {},
                "name": "user-c-ns",
                "resource_version": "99625",
                "uid": "7665eb1f-9a5e-42c4-8205-b44e6c30149f"
              }
            ],
            "timeouts": null,
            "wait_for_default_service_account": false
          },
          "sensitive_attributes": [],
          "identity_schema_version": 1,
          "identity": {
            "api_version": "v1",
            "kind": "Namespace",
            "name": "user-c-ns"
          },
          "private": "eyJlMmJmYjczMC1lY2FhLTExZTYtOGY4OC0zNDM2M2JjN2M0YzAiOnsiZGVsZXRlIjozMDAwMDAwMDAwMDB9fQ=="
        }
      ]
    },
    {
      "mode": "managed",
      "type": "kubernetes_namespace",
      "name": "user_d_ns",
      "provider": "provider[\"registry.terraform.io/hashicorp/kubernetes\"]",
      "instances": [
        {
          "schema_version": 0,
          "attributes": {
            "id": "user-d-ns",
            "metadata": [
              {
                "annotations": {},
                "generate_name": "",
                "generation": 0,
                "labels": {},
                "name": "user-d-ns",
                "resource_version": "99623",
                "uid": "ce65b812-f55d-4cf2-b0ab-49cdb2fba8aa"
              }
            ],
            "timeouts": null,
            "wait_for_default_service_account": false
          },
          "sensitive_attributes": [],
          "identity_schema_version": 1,
          "identity": {
            "api_version": "v1",
            "kind": "Namespace",
            "name": "user-d-ns"
          },
          "private": "eyJlMmJmYjczMC1lY2FhLTExZTYtOGY4OC0zNDM2M2JjN2M0YzAiOnsiZGVsZXRlIjozMDAwMDAwMDAwMDB9fQ=="
        }
      ]
    },
    {
      "mode": "managed",
      "type": "kubernetes_role",
      "name": "user_a_role",
      "provider": "provider[\"registry.terraform.io/hashicorp/kubernetes\"]",
      "instances": [
        {
          "schema_version": 0,
          "attributes": {
            "id": "user-a-ns/user-a-role",
            "metadata": [
              {
                "annotations": {},
                "generate_name": "",
                "generation": 0,
                "labels": {},
                "name": "user-a-role",
                "namespace": "user-a-ns",
                "resource_version": "99632",
                "uid": "14c483d7-7301-4376-a368-616d24b80303"
              }
            ],
            "rule": [
              {
                "api_groups": [
                  "apps"
                ],
                "resource_names": [],
                "resources": [
                  "deployments"
                ],
                "verbs": [
                  "create",
                  "get",
                  "list"
                ]
              }
            ]
          },
          "sensitive_attributes": [],
          "identity_schema_version": 1,
          "identity": {
            "api_version": "rbac.authorization.k8s.io/v1",
            "kind": "Role",
            "name": "user-a-role",
            "namespace": "user-a-ns"
          },
          "private": "bnVsbA==",
          "dependencies": [
            "kubernetes_namespace.user_a_ns"
          ]
        }
      ]
    },
    {
      "mode": "managed",
      "type": "kubernetes_role",
      "name": "user_b_role",
      "provider": "provider[\"registry.terraform.io/hashicorp/kubernetes\"]",
      "instances": [
        {
          "schema_version": 0,
          "attributes": {
            "id": "user-b-ns/user-b-role",
            "metadata": [
              {
                "annotations": {},
                "generate_name": "",
                "generation": 0,
                "labels": {},
                "name": "user-b-role",
                "namespace": "user-b-ns",
                "resource_version": "99633",
                "uid": "08140370-0840-4125-9894-80d2fec9728b"
              }
            ],
            "rule": [
              {
                "api_groups": [
                  ""
                ],
                "resource_names": [],
                "resources": [
                  "services"
                ],
                "verbs": [
                  "create",
                  "get",
                  "list"
                ]
              }
            ]
          },
          "sensitive_attributes": [],
          "identity_schema_version": 1,
          "identity": {
            "api_version": "rbac.authorization.k8s.io/v1",
            "kind": "Role",
            "name": "user-b-role",
            "namespace": "user-b-ns"
          },
          "private": "bnVsbA==",
          "dependencies": [
            "kubernetes_namespace.user_b_ns"
          ]
        }
      ]
    },
    {
      "mode": "managed",
      "type": "kubernetes_role",
      "name": "user_c_role",
      "provider": "provider[\"registry.terraform.io/hashicorp/kubernetes\"]",
      "instances": [
        {
          "schema_version": 0,
          "attributes": {
            "id": "user-c-ns/user-c-role",
            "metadata": [
              {
                "annotations": {},
                "generate_name": "",
                "generation": 0,
                "labels": {},
                "name": "user-c-role",
                "namespace": "user-c-ns",
                "resource_version": "99635",
                "uid": "58a3074b-6529-4e56-bb3d-7df54e266cea"
              }
            ],
            "rule": [
              {
                "api_groups": [
                  ""
                ],
                "resource_names": [],
                "resources": [
                  "configmaps"
                ],
                "verbs": [
                  "create",
                  "get",
                  "list"
                ]
              }
            ]
          },
          "sensitive_attributes": [],
          "identity_schema_version": 1,
          "identity": {
            "api_version": "rbac.authorization.k8s.io/v1",
            "kind": "Role",
            "name": "user-c-role",
            "namespace": "user-c-ns"
          },
          "private": "bnVsbA==",
          "dependencies": [
            "kubernetes_namespace.user_c_ns"
          ]
        }
      ]
    },
    {
      "mode": "managed",
      "type": "kubernetes_role",
      "name": "user_d_role",
      "provider": "provider[\"registry.terraform.io/hashicorp/kubernetes\"]",
      "instances": [
        {
          "schema_version": 0,
          "attributes": {
            "id": "user-d-ns/user-d-role",
            "metadata": [
              {
                "annotations": {},
                "generate_name": "",
                "generation": 0,
                "labels": {},
                "name": "user-d-role",
                "namespace": "user-d-ns",
                "resource_version": "99634",
                "uid": "bf1c8b72-a2ae-471d-8cd3-042b64f04319"
              }
            ],
            "rule": [
              {
                "api_groups": [
                  ""
                ],
                "resource_names": [],
                "resources": [
                  "secrets"
                ],
                "verbs": [
                  "create",
                  "get",
                  "list"
                ]
              }
            ]
          },
          "sensitive_attributes": [],
          "identity_schema_version": 1,
          "identity": {
            "api_version": "rbac.authorization.k8s.io/v1",
            "kind": "Role",
            "name": "user-d-role",
            "namespace": "user-d-ns"
          },
          "private": "bnVsbA==",
          "dependencies": [
            "kubernetes_namespace.user_d_ns"
          ]
        }
      ]
    },
    {
      "mode": "managed",
      "type": "kubernetes_role_binding",
      "name": "user_a_binding",
      "provider": "provider[\"registry.terraform.io/hashicorp/kubernetes\"]",
      "instances": [
        {
          "schema_version": 0,
          "attributes": {
            "id": "user-a-ns/user-a-binding",
            "metadata": [
              {
                "annotations": {},
                "generate_name": "",
                "generation": 0,
                "labels": {},
                "name": "user-a-binding",
                "namespace": "user-a-ns",
                "resource_version": "99639",
                "uid": "b8148497-0fcd-4e35-9c39-04658c3f62ae"
              }
            ],
            "role_ref": [
              {
                "api_group": "rbac.authorization.k8s.io",
                "kind": "Role",
                "name": "user-a-role"
              }
            ],
            "subject": [
              {
                "api_group": "rbac.authorization.k8s.io",
                "kind": "User",
                "name": "user-a",
                "namespace": "default"
              }
            ]
          },
          "sensitive_attributes": [],
          "identity_schema_version": 1,
          "identity": {
            "api_version": "rbac.authorization.k8s.io/v1",
            "kind": "RoleBinding",
            "name": "user-a-binding",
            "namespace": "user-a-ns"
          },
          "private": "bnVsbA==",
          "dependencies": [
            "kubernetes_namespace.user_a_ns",
            "kubernetes_role.user_a_role"
          ]
        }
      ]
    },
    {
      "mode": "managed",
      "type": "kubernetes_role_binding",
      "name": "user_b_binding",
      "provider": "provider[\"registry.terraform.io/hashicorp/kubernetes\"]",
      "instances": [
        {
          "schema_version": 0,
          "attributes": {
            "id": "user-b-ns/user-b-binding",
            "metadata": [
              {
                "annotations": {},
                "generate_name": "",
                "generation": 0,
                "labels": {},
                "name": "user-b-binding",
                "namespace": "user-b-ns",
                "resource_version": "99642",
                "uid": "0dcd46b7-2e7e-4135-aa8a-8da8018ad1ee"
              }
            ],
            "role_ref": [
              {
                "api_group": "rbac.authorization.k8s.io",
                "kind": "Role",
                "name": "user-b-role"
              }
            ],
            "subject": [
              {
                "api_group": "rbac.authorization.k8s.io",
                "kind": "User",
                "name": "user-b",
                "namespace": "default"
              }
            ]
          },
          "sensitive_attributes": [],
          "identity_schema_version": 1,
          "identity": {
            "api_version": "rbac.authorization.k8s.io/v1",
            "kind": "RoleBinding",
            "name": "user-b-binding",
            "namespace": "user-b-ns"
          },
          "private": "bnVsbA==",
          "dependencies": [
            "kubernetes_namespace.user_b_ns",
            "kubernetes_role.user_b_role"
          ]
        }
      ]
    },
    {
      "mode": "managed",
      "type": "kubernetes_role_binding",
      "name": "user_c_binding",
      "provider": "provider[\"registry.terraform.io/hashicorp/kubernetes\"]",
      "instances": [
        {
          "schema_version": 0,
          "attributes": {
            "id": "user-c-ns/user-c-binding",
            "metadata": [
              {
                "annotations": {},
                "generate_name": "",
                "generation": 0,
                "labels": {},
                "name": "user-c-binding",
                "namespace": "user-c-ns",
                "resource_version": "99640",
                "uid": "7cd52a2a-7750-44b7-9152-e237095b8d50"
              }
            ],
            "role_ref": [
              {
                "api_group": "rbac.authorization.k8s.io",
                "kind": "Role",
                "name": "user-c-role"
              }
            ],
            "subject": [
              {
                "api_group": "rbac.authorization.k8s.io",
                "kind": "User",
                "name": "user-c",
                "namespace": "default"
              }
            ]
          },
          "sensitive_attributes": [],
          "identity_schema_version": 1,
          "identity": {
            "api_version": "rbac.authorization.k8s.io/v1",
            "kind": "RoleBinding",
            "name": "user-c-binding",
            "namespace": "user-c-ns"
          },
          "private": "bnVsbA==",
          "dependencies": [
            "kubernetes_namespace.user_c_ns",
            "kubernetes_role.user_c_role"
          ]
        }
      ]
    },
    {
      "mode": "managed",
      "type": "kubernetes_role_binding",
      "name": "user_d_binding",
      "provider": "provider[\"registry.terraform.io/hashicorp/kubernetes\"]",
      "instances": [
        {
          "schema_version": 0,
          "attributes": {
            "id": "user-d-ns/user-d-binding",
            "metadata": [
              {
                "annotations": {},
                "generate_name": "",
                "generation": 0,
                "labels": {},
                "name": "user-d-binding",
                "namespace": "user-d-ns",
                "resource_version": "99641",
                "uid": "c497b8b8-4063-4ba5-b064-1be6fa485828"
              }
            ],
            "role_ref": [
              {
                "api_group": "rbac.authorization.k8s.io",
                "kind": "Role",
                "name": "user-d-role"
              }
            ],
            "subject": [
              {
                "api_group": "rbac.authorization.k8s.io",
                "kind": "User",
                "name": "user-d",
                "namespace": "default"
              }
            ]
          },
          "sensitive_attributes": [],
          "identity_schema_version": 1,
          "identity": {
            "api_version": "rbac.authorization.k8s.io/v1",
            "kind": "RoleBinding",
            "name": "user-d-binding",
            "namespace": "user-d-ns"
          },
          "private": "bnVsbA==",
          "dependencies": [
            "kubernetes_namespace.user_d_ns",
            "kubernetes_role.user_d_role"
          ]
        }
      ]
    },
    {
      "mode": "managed",
      "type": "kubernetes_secret",
      "name": "postgres_secret",
      "provider": "provider[\"registry.terraform.io/hashicorp/kubernetes\"]",
      "instances": [
        {
          "schema_version": 0,
          "attributes": {
            "binary_data": null,
            "binary_data_wo": null,
            "binary_data_wo_revision": null,
            "data": {
              "password": "YWRtaW4xMjM="
            },
            "data_wo": null,
            "data_wo_revision": null,
            "id": "mega-project-ns/postgres-secret",
            "immutable": false,
            "metadata": [
              {
                "annotations": {},
                "generate_name": "",
                "generation": 0,
                "labels": {},
                "name": "postgres-secret",
                "namespace": "mega-project-ns",
                "resource_version": "134619",
                "uid": "2edf4397-8727-444d-8a45-55a05dc061ef"
              }
            ],
            "timeouts": null,
            "type": "Opaque",
            "wait_for_service_account_token": true
          },
          "sensitive_attributes": [
            [
              {
                "type": "get_attr",
                "value": "binary_data"
              }
            ],
            [
              {
                "type": "get_attr",
                "value": "data"
              }
            ]
          ],
          "identity_schema_version": 1,
          "identity": {
            "api_version": "v1",
            "kind": "Secret",
            "name": "postgres-secret",
            "namespace": "mega-project-ns"
          },
          "private": "eyJlMmJmYjczMC1lY2FhLTExZTYtOGY4OC0zNDM2M2JjN2M0YzAiOnsiY3JlYXRlIjo2MDAwMDAwMDAwMH19",
          "dependencies": [
            "kubernetes_namespace.mega_project"
          ]
        }
      ]
    },
    {
      "mode": "managed",
      "type": "kubernetes_secret_v1",
      "name": "gateway_tls",
      "provider": "provider[\"registry.terraform.io/hashicorp/kubernetes\"]",
      "instances": [
        {
          "schema_version": 0,
          "attributes": {
            "binary_data": {
              "tls.crt": "LS0tLS1CRUdJTiBDRVJUSUZJQ0FURS0tLS0tCk1JSUZTVENDQXpHZ0F3SUJBZ0lKQUw3ZWJESkNqSVpCTUEwR0NTcUdTSWIzRFFFQkN3VUFNSGt4Q3pBSkJnTlYKQkFZVEFrbE9NUkl3RUFZRFZRUUlEQWxTWVdwaGMzUm9ZVzR4RURBT0JnTlZCQWNNQjFWa1lXbHdkWEl4RXpBUgpCZ05WQkFvTUNrRndjRkJsY21abFkzUXhIakFjQmdOVkJBc01GVzVwYkdWemFFQkJjSEJRWlhKbVpXTjBMbU52CmJURVBNQTBHQTFVRUF3d0dUbWxzWlhOb01CNFhEVEkyTURJeE1UQTJORGMwTmxvWERUSTNNREl4TVRBMk5EYzAKTmxvd05ERVNNQkFHQTFVRUNnd0pUWGxEYjIxd1lXNTVNUjR3SEFZRFZRUUREQlZ1YVd4bGMyZ3VZWEJ3Y0dWeQpabVZqZEM1amIyMHdnZ0VpTUEwR0NTcUdTSWIzRFFFQkFRVUFBNElCRHdBd2dnRUtBb0lCQVFDOFNzS1hSYW01CkNybzM5enpNcDBuY0lSeitOcTJzelEwQUFKRGFpL1pYaFZsei9WTXpPekx0K1RuRHNUL3ZOK25VTDlmeTduWUIKSWNjYVBoT0tscHlUaDBHcy8wVHlxMlFCRm00WFhEUjMvUkQxU21jTE9OME03ZVJmc0xUY3JMdEFiTk56QUdmZwpjekd4TlI5Sk9ZSWJZUkY3RWRpaTJTamxlcFpxYjY1VlVseGNOMlVRbjB5RlRKNVBvRUdZcG5uQ2Y1dWYxbk9lCmtVQ00yU3lkNDdPOUthWkhRR24rL2VkTU5YNVYzS2dZWHhidFlLTlRpR0grVGdtZ1pVb0VsVHBqZFkxa0tNeWgKdGJvV2lhc2t1NWNadUc3UCtuT09RSE9lRjlxTmFnT0FFYXB4V01MWkVzeCt3bTRINFFNR3diaTlwUUx2VHR6NQpjMmdzTXJKUkRydExBZ01CQUFHamdnRVhNSUlCRXpDQmxRWURWUjBqQklHTk1JR0tvWDJrZXpCNU1Rc3dDUVlEClZRUUdFd0pKVGpFU01CQUdBMVVFQ0F3SlVtRnFZWE4wYUdGdU1SQXdEZ1lEVlFRSERBZFZaR0ZwY0hWeU1STXcKRVFZRFZRUUtEQXBCY0hCUVpYSm1aV04wTVI0d0hBWURWUVFMREJWdWFXeGxjMmhBUVhCd1VHVnlabVZqZEM1agpiMjB4RHpBTkJnTlZCQU1NQms1cGJHVnphSUlKQVBQUzRrd0RSTW00TUFrR0ExVWRFd1FDTUFBd0N3WURWUjBQCkJBUURBZ1dnTUJNR0ExVWRKUVFNTUFvR0NDc0dBUVVGQndNQk1Fd0dBMVVkRVFSRk1FT0NGVzVwYkdWemFDNWgKY0hCd1pYSm1aV04wTG1OdmJZSVpkM2QzTG01cGJHVnphQzVoY0hCd1pYSm1aV04wTG1OdmJZSUpiRzlqWVd4bwpiM04waHdSL0FBQUJNQTBHQ1NxR1NJYjNEUUVCQ3dVQUE0SUNBUUJzRkI1RS9penNZKzYreUp1aGFFNEt5c2hsClhqVndxTTE0cmJIV3VvbDVQVWpqM1hIM01LcG9jSkpEMGhwdTl6cE1UQzlQZWk3WVgyT05mTHIyUEUxU0psSHgKa3lENENsczZmMDlpOG5KcTVoaW8rNTVQV0RmRkU4UzFzZ0t6bTN1WWY3bk5SRkp0RjRCQVlmM2lsVldiNnZ0cgpPdHlOY2lsVXUvWkE4VGpYS29JQkhQUTdXK3JzSlBOZVZyaWt2VkVuUEQ0M0VjY3lhdytpcFl2M0dsU005ZDBUCmRMcHo0NCsyMk9VekxDa3FoODJJYzVxUDBHRzBXaDdjaTVqMmg3RzBzNVZPWnVRSTVqaXhVYWJuaDFBS284Y3YKSjludVRlSCtBTkJlaU1TZ3Y5TnNKR3l6L1FnVllOUFJWVVRLL1loUStjaFRMS0E4RW9xQ1p0QTVkQWtXekRLNgpNSlNkQzdLWGZBcTRNMitwMnZvNjNFRmpkU0tFMGN4MlZqY2pTWDJhTSs3NmRNN09KemlHclVRWnJIOVZQdkFzClNidnozNEROa3hzN1A4dkh4WDdWQzhLbW5CNW8rUDdYZW9yZkNGUUg5WWc1Yk5nSmUvbW5LVnZiTlNzRElGM3oKTXd4S1FLSWhBeVJhU3dxMVdmNXlJdTNRdmxiUlFZdE1mS0EycDl0YVR4S1FEZVRINjNtbUxEUHVRaTFNZnZFSAphcG1xcXFKSlBNaEpIK3NiM3U0V0J2NmNibW9Lb1RZL2RhOWpkOTRmRjBLL1FTMlMzK2pWRS9pbkpYQ1VNVGlkCk91VDZCNEloby96QkFjMjZxd3k3cXJ0bEVwdi8rZWNEeXZYMk5LVSt3bno5YzBKVXk3RGZ5KzBkUlpsVWlTZk8KQ0ZkZjUwTTNkaW54c01MVlRBPT0KLS0tLS1FTkQgQ0VSVElGSUNBVEUtLS0tLQo=",
              "tls.key": "LS0tLS1CRUdJTiBSU0EgUFJJVkFURSBLRVktLS0tLQpNSUlFb2dJQkFBS0NBUUVBdkVyQ2wwV3B1UXE2Ti9jOHpLZEozQ0VjL2phdHJNME5BQUNRMm92MlY0VlpjLzFUCk16c3k3Zms1dzdFLzd6ZnAxQy9YOHU1MkFTSEhHajRUaXBhY2s0ZEJyUDlFOHF0a0FSWnVGMXcwZC8wUTlVcG4KQ3pqZERPM2tYN0MwM0t5N1FHelRjd0JuNEhNeHNUVWZTVG1DRzJFUmV4SFlvdGtvNVhxV2FtK3VWVkpjWERkbApFSjlNaFV5ZVQ2QkJtS1o1d24rYm45WnpucEZBak5rc25lT3p2U21tUjBCcC92M25URFYrVmR5b0dGOFc3V0NqClU0aGgvazRKb0dWS0JKVTZZM1dOWkNqTW9iVzZGb21ySkx1WEdiaHV6L3B6amtCem5oZmFqV29EZ0JHcWNWakMKMlJMTWZzSnVCK0VEQnNHNHZhVUM3MDdjK1hOb0xES3lVUTY3U3dJREFRQUJBb0lCQUJDK2hUZDJsblZDSXZVLwpJMFQveTIycjlDd1hLTEtwT1hLNm1pY1ZNejd0T05zN3Q5NWljVkVBVE1hK1NIVTVmNjNDNDIxVEQyTmlZWlpQCjF1VUlKN3htMXN4UGx3NE5kOE13LzNGTVhjNGR6eGhCR1pEQjZjWndrVktCSUZSUGVBZHVwZzhnQmh6TG9hdWsKa2JldFNZaXR4U1F3bmhjOVFJbkhzUUNlRmQ2NFlTTUdaSFRxMG5XWjlTaDVVTG5Sa1VYNTcyRThQcHBoVUc1awpOZjFLT2hSbGFzOHQ4SGRVaGxpRXZzSDBhdFQzMzV1YjlPOWxmYjRTWFpWK0ZKZ1R2VVNWZjBMUktvbm1vRnBGCmY0bWhudmNIdTE5RTFtRXZ2Tnh4SEZBL3g2SmNVMEszdHkwc3IxNnB1ZFFsK0s3dk1maGtuQ01vem10b3ZtbTkKZjFqSlBFRUNnWUVBNnVLcjNIUEVxK0hnY2FYUHpxUTgwUHJXKzg3V0JPKzhTdmRqdGs5UHVYWVBLc3d3b2E2eAo5N1pxYnNBZXlncGlKcERTUGUzWFdzU0JHZlVieGFJRE9XV1lja3duc0JrNm9LUnBBTEJaeXhoVkxUWjdDd21EClV4bUNENWF1NmwyNGxoOWozK2JXeDVqL0dzZDZQOGlxY2pvS1M5OHFpaUl0d1lPWW4zZjRCdk1DZ1lFQXpUZmEKUllZNFRnb0QzRytNT1MrekpLdkJzTGhyY1dEL3RSMFM0REN5N2QwQUtXYWxyRkl2a3ZHTTVNVTN4V1V4bitsOQpWRFRxUWU0UlRNeFZqSXhmaEpSUjlKblVtVkxYRWF6b0w0QWFiMkdPQmJxRlQwM1RodkgyT0lzRlFBdmNGVDJlCnRXWmhhNGw0ZERPVmRwaVZaQXprSXNlSTdxNHh0MnJDRmhZSVFFa0NnWUFaNHllYjRXcUFveUZ3aFJ6VklvYk4KWllnQ01yYWx6cUpMQk44SmZjNUVtMzFxY3h5OUJScjZPVEdieVRMYmc2OXpucXg5Uk5SaVhadjQ5Mm03SzNMOQpoWFA2ek9mbTRiRHplWXRWRnhxZVpxMGtrWWVZSE5GTGZGazRUSncwbW1XNHJmYjgrMTBhbklNcE9Xa0ExS1hzCmR2Y2hpNVFOcTF5dG9rcFU4UXoxL3dLQmdIWUZHdmhFMm5pMjljVitPVXhpREVxWXBJbTNaY01NbjhKTytCNEsKbzd4OERxM0FwS0xYbVJpTzVoSmpBVkg2Z25HTzNFN2pKNTNIQmhmK28yeHpCak8vQU9zRTFPbGdaT043WndSNgpUYm1raHdMd1k5NVp5YjZmeEpSOER3Ym9TeWZFQ2xRVWp3NURQd3pFNWI0UXZrbU55RjNnRnZYOUpBWngxVERTCmR1aFJBb0dBRkhXSFFXd3pQRkFmTFhjMU9tYy9KWDRWY1dvRlFnbmE4NWNDY2p3Y1ZXcWswcTM5TytjRnNVdWEKbktJYjY1cUpxSkdTOTRBcythRUtudkZjQ25Ia2NXaVVjRXd0K3IvR2VBbndTKzVOaEVzVFhkd0xaVm16NENJYwp5WGNwRUpEbkRYcUpyYi9JNEkzQ0FmU2xIOWF1UkZFOEZqN2ZrQnlNRXdkU0g2ZEx5MjQ9Ci0tLS0tRU5EIFJTQSBQUklWQVRFIEtFWS0tLS0tCg=="
            },
            "binary_data_wo": null,
            "binary_data_wo_revision": null,
            "data": {},
            "data_wo": null,
            "data_wo_revision": null,
            "id": "mega-project-ns/gateway-tls",
            "immutable": false,
            "metadata": [
              {
                "annotations": {},
                "generate_name": "",
                "generation": 0,
                "labels": {},
                "name": "gateway-tls",
                "namespace": "mega-project-ns",
                "resource_version": "181580",
                "uid": "ce89a812-1e66-4b31-97d8-c54d4e31f1cc"
              }
            ],
            "timeouts": null,
            "type": "kubernetes.io/tls",
            "wait_for_service_account_token": true
          },
          "sensitive_attributes": [
            [
              {
                "type": "get_attr",
                "value": "binary_data"
              }
            ],
            [
              {
                "type": "get_attr",
                "value": "data"
              }
            ]
          ],
          "identity_schema_version": 1,
          "identity": {
            "api_version": "v1",
            "kind": "Secret",
            "name": "gateway-tls",
            "namespace": "mega-project-ns"
          },
          "private": "eyJlMmJmYjczMC1lY2FhLTExZTYtOGY4OC0zNDM2M2JjN2M0YzAiOnsiY3JlYXRlIjo2MDAwMDAwMDAwMH19",
          "dependencies": [
            "kubernetes_namespace.mega_project"
          ]
        }
      ]
    },
    {
      "mode": "managed",
      "type": "kubernetes_service",
      "name": "backend_service",
      "provider": "provider[\"registry.terraform.io/hashicorp/kubernetes\"]",
      "instances": [
        {
          "schema_version": 1,
          "attributes": {
            "id": "mega-project-ns/backend-service",
            "metadata": [
              {
                "annotations": {},
                "generate_name": "",
                "generation": 0,
                "labels": {},
                "name": "backend-service",
                "namespace": "mega-project-ns",
                "resource_version": "134688",
                "uid": "36f82fdc-2e3a-4d3e-b96a-471855eacc44"
              }
            ],
            "spec": [
              {
                "allocate_load_balancer_node_ports": true,
                "cluster_ip": "10.103.161.220",
                "cluster_ips": [
                  "10.103.161.220"
                ],
                "external_ips": [],
                "external_name": "",
                "external_traffic_policy": "",
                "health_check_node_port": 0,
                "internal_traffic_policy": "Cluster",
                "ip_families": [
                  "IPv4"
                ],
                "ip_family_policy": "SingleStack",
                "load_balancer_class": "",
                "load_balancer_ip": "",
                "load_balancer_source_ranges": [],
                "port": [
                  {
                    "app_protocol": "",
                    "name": "",
                    "node_port": 0,
                    "port": 5000,
                    "protocol": "TCP",
                    "target_port": "5000"
                  }
                ],
                "publish_not_ready_addresses": false,
                "selector": {
                  "app": "backend"
                },
                "session_affinity": "None",
                "session_affinity_config": [],
                "type": "ClusterIP"
              }
            ],
            "status": [
              {
                "load_balancer": [
                  {
                    "ingress": []
                  }
                ]
              }
            ],
            "timeouts": null,
            "wait_for_load_balancer": true
          },
          "sensitive_attributes": [],
          "identity_schema_version": 1,
          "identity": {
            "api_version": "v1",
            "kind": "Service",
            "name": "backend-service",
            "namespace": "mega-project-ns"
          },
          "private": "eyJlMmJmYjczMC1lY2FhLTExZTYtOGY4OC0zNDM2M2JjN2M0YzAiOnsiY3JlYXRlIjo2MDAwMDAwMDAwMDB9LCJzY2hlbWFfdmVyc2lvbiI6IjEifQ==",
          "dependencies": [
            "kubernetes_deployment.backend",
            "kubernetes_namespace.mega_project",
            "kubernetes_service_account.admin_a"
          ]
        }
      ]
    },
    {
      "mode": "managed",
      "type": "kubernetes_service",
      "name": "frontend_service",
      "provider": "provider[\"registry.terraform.io/hashicorp/kubernetes\"]",
      "instances": [
        {
          "schema_version": 1,
          "attributes": {
            "id": "mega-project-ns/frontend-service",
            "metadata": [
              {
                "annotations": {},
                "generate_name": "",
                "generation": 0,
                "labels": {},
                "name": "frontend-service",
                "namespace": "mega-project-ns",
                "resource_version": "134705",
                "uid": "78400d1a-b9a0-4de2-b7c7-2e6e34f060f8"
              }
            ],
            "spec": [
              {
                "allocate_load_balancer_node_ports": true,
                "cluster_ip": "10.107.206.154",
                "cluster_ips": [
                  "10.107.206.154"
                ],
                "external_ips": [],
                "external_name": "",
                "external_traffic_policy": "",
                "health_check_node_port": 0,
                "internal_traffic_policy": "Cluster",
                "ip_families": [
                  "IPv4"
                ],
                "ip_family_policy": "SingleStack",
                "load_balancer_class": "",
                "load_balancer_ip": "",
                "load_balancer_source_ranges": [],
                "port": [
                  {
                    "app_protocol": "",
                    "name": "",
                    "node_port": 0,
                    "port": 80,
                    "protocol": "TCP",
                    "target_port": "80"
                  }
                ],
                "publish_not_ready_addresses": false,
                "selector": {
                  "app": "frontend"
                },
                "session_affinity": "None",
                "session_affinity_config": [],
                "type": "ClusterIP"
              }
            ],
            "status": [
              {
                "load_balancer": [
                  {
                    "ingress": []
                  }
                ]
              }
            ],
            "timeouts": null,
            "wait_for_load_balancer": true
          },
          "sensitive_attributes": [],
          "identity_schema_version": 1,
          "identity": {
            "api_version": "v1",
            "kind": "Service",
            "name": "frontend-service",
            "namespace": "mega-project-ns"
          },
          "private": "eyJlMmJmYjczMC1lY2FhLTExZTYtOGY4OC0zNDM2M2JjN2M0YzAiOnsiY3JlYXRlIjo2MDAwMDAwMDAwMDB9LCJzY2hlbWFfdmVyc2lvbiI6IjEifQ==",
          "dependencies": [
            "kubernetes_deployment.frontend",
            "kubernetes_namespace.mega_project"
          ]
        }
      ]
    },
    {
      "mode": "managed",
      "type": "kubernetes_service",
      "name": "postgres_service",
      "provider": "provider[\"registry.terraform.io/hashicorp/kubernetes\"]",
      "instances": [
        {
          "schema_version": 1,
          "attributes": {
            "id": "mega-project-ns/postgres-service",
            "metadata": [
              {
                "annotations": {},
                "generate_name": "",
                "generation": 0,
                "labels": {},
                "name": "postgres-service",
                "namespace": "mega-project-ns",
                "resource_version": "134621",
                "uid": "1aeb6ae1-0601-4646-8609-bddc34d8e354"
              }
            ],
            "spec": [
              {
                "allocate_load_balancer_node_ports": true,
                "cluster_ip": "None",
                "cluster_ips": [
                  "None"
                ],
                "external_ips": [],
                "external_name": "",
                "external_traffic_policy": "",
                "health_check_node_port": 0,
                "internal_traffic_policy": "Cluster",
                "ip_families": [
                  "IPv4"
                ],
                "ip_family_policy": "SingleStack",
                "load_balancer_class": "",
                "load_balancer_ip": "",
                "load_balancer_source_ranges": [],
                "port": [
                  {
                    "app_protocol": "",
                    "name": "",
                    "node_port": 0,
                    "port": 5432,
                    "protocol": "TCP",
                    "target_port": "5432"
                  }
                ],
                "publish_not_ready_addresses": false,
                "selector": {
                  "app": "postgres"
                },
                "session_affinity": "None",
                "session_affinity_config": [],
                "type": "ClusterIP"
              }
            ],
            "status": [
              {
                "load_balancer": [
                  {
                    "ingress": []
                  }
                ]
              }
            ],
            "timeouts": null,
            "wait_for_load_balancer": true
          },
          "sensitive_attributes": [],
          "identity_schema_version": 1,
          "identity": {
            "api_version": "v1",
            "kind": "Service",
            "name": "postgres-service",
            "namespace": "mega-project-ns"
          },
          "private": "eyJlMmJmYjczMC1lY2FhLTExZTYtOGY4OC0zNDM2M2JjN2M0YzAiOnsiY3JlYXRlIjo2MDAwMDAwMDAwMDB9LCJzY2hlbWFfdmVyc2lvbiI6IjEifQ==",
          "dependencies": [
            "kubernetes_namespace.mega_project"
          ]
        }
      ]
    },
    {
      "mode": "managed",
      "type": "kubernetes_service_account",
      "name": "admin_a",
      "provider": "provider[\"registry.terraform.io/hashicorp/kubernetes\"]",
      "instances": [
        {
          "schema_version": 0,
          "attributes": {
            "automount_service_account_token": true,
            "default_secret_name": "",
            "id": "mega-project-ns/admin-a",
            "image_pull_secret": [],
            "metadata": [
              {
                "annotations": {},
                "generate_name": "",
                "generation": 0,
                "labels": {},
                "name": "admin-a",
                "namespace": "mega-project-ns",
                "resource_version": "134620",
                "uid": "97b9d159-9828-4d54-b9a5-20060af562bf"
              }
            ],
            "secret": [],
            "timeouts": null
          },
          "sensitive_attributes": [],
          "identity_schema_version": 1,
          "identity": {
            "api_version": "v1",
            "kind": "ServiceAccount",
            "name": "admin-a",
            "namespace": "mega-project-ns"
          },
          "private": "eyJlMmJmYjczMC1lY2FhLTExZTYtOGY4OC0zNDM2M2JjN2M0YzAiOnsiY3JlYXRlIjozMDAwMDAwMDAwMH19",
          "dependencies": [
            "kubernetes_namespace.mega_project"
          ]
        }
      ]
    },
    {
      "mode": "managed",
      "type": "kubernetes_stateful_set",
      "name": "postgres",
      "provider": "provider[\"registry.terraform.io/hashicorp/kubernetes\"]",
      "instances": [
        {
          "schema_version": 1,
          "attributes": {
            "id": "mega-project-ns/postgres",
            "metadata": [
              {
                "annotations": {},
                "generate_name": "",
                "generation": 1,
                "labels": {},
                "name": "postgres",
                "namespace": "mega-project-ns",
                "resource_version": "177341",
                "uid": "bef8fe55-dc62-424c-b917-d4462c15c215"
              }
            ],
            "spec": [
              {
                "min_ready_seconds": 0,
                "persistent_volume_claim_retention_policy": [
                  {
                    "when_deleted": "Retain",
                    "when_scaled": "Retain"
                  }
                ],
                "pod_management_policy": "OrderedReady",
                "replicas": "1",
                "revision_history_limit": 0,
                "selector": [
                  {
                    "match_expressions": [],
                    "match_labels": {
                      "app": "postgres"
                    }
                  }
                ],
                "service_name": "postgres-service",
                "template": [
                  {
                    "metadata": [
                      {
                        "annotations": {},
                        "generate_name": "",
                        "generation": 0,
                        "labels": {
                          "app": "postgres"
                        },
                        "name": "",
                        "namespace": "",
                        "resource_version": "",
                        "uid": ""
                      }
                    ],
                    "spec": [
                      {
                        "active_deadline_seconds": 0,
                        "affinity": [],
                        "automount_service_account_token": true,
                        "container": [
                          {
                            "args": [],
                            "command": [],
                            "env": [
                              {
                                "name": "POSTGRES_DB",
                                "value": "mydb",
                                "value_from": []
                              },
                              {
                                "name": "POSTGRES_USER",
                                "value": "admin",
                                "value_from": []
                              },
                              {
                                "name": "POSTGRES_PASSWORD",
                                "value": "",
                                "value_from": [
                                  {
                                    "config_map_key_ref": [],
                                    "field_ref": [],
                                    "resource_field_ref": [],
                                    "secret_key_ref": [
                                      {
                                        "key": "password",
                                        "name": "postgres-secret",
                                        "optional": false
                                      }
                                    ]
                                  }
                                ]
                              }
                            ],
                            "env_from": [],
                            "image": "postgres:15",
                            "image_pull_policy": "IfNotPresent",
                            "lifecycle": [],
                            "liveness_probe": [],
                            "name": "postgres",
                            "port": [
                              {
                                "container_port": 5432,
                                "host_ip": "",
                                "host_port": 0,
                                "name": "",
                                "protocol": "TCP"
                              }
                            ],
                            "readiness_probe": [],
                            "resources": [
                              {
                                "limits": {},
                                "requests": {}
                              }
                            ],
                            "security_context": [],
                            "startup_probe": [],
                            "stdin": false,
                            "stdin_once": false,
                            "termination_message_path": "/dev/termination-log",
                            "termination_message_policy": "File",
                            "tty": false,
                            "volume_device": [],
                            "volume_mount": [
                              {
                                "mount_path": "/var/lib/postgresql/data",
                                "mount_propagation": "None",
                                "name": "postgres-data",
                                "read_only": false,
                                "sub_path": "",
                                "sub_path_expr": ""
                              }
                            ],
                            "working_dir": ""
                          }
                        ],
                        "dns_config": [],
                        "dns_policy": "ClusterFirst",
                        "enable_service_links": true,
                        "host_aliases": [],
                        "host_ipc": false,
                        "host_network": false,
                        "host_pid": false,
                        "hostname": "",
                        "image_pull_secrets": [],
                        "init_container": [],
                        "node_name": "",
                        "node_selector": {},
                        "os": [],
                        "priority_class_name": "",
                        "readiness_gate": [],
                        "restart_policy": "Always",
                        "runtime_class_name": "",
                        "scheduler_name": "default-scheduler",
                        "security_context": [],
                        "service_account_name": "",
                        "share_process_namespace": false,
                        "subdomain": "",
                        "termination_grace_period_seconds": 30,
                        "toleration": [],
                        "topology_spread_constraint": [],
                        "volume": []
                      }
                    ]
                  }
                ],
                "update_strategy": [],
                "volume_claim_template": [
                  {
                    "metadata": [
                      {
                        "annotations": {},
                        "generate_name": "",
                        "generation": 0,
                        "labels": {},
                        "name": "postgres-data",
                        "namespace": "default",
                        "resource_version": "",
                        "uid": ""
                      }
                    ],
                    "spec": [
                      {
                        "access_modes": [
                          "ReadWriteOnce"
                        ],
                        "resources": [
                          {
                            "limits": {},
                            "requests": {
                              "storage": "2Gi"
                            }
                          }
                        ],
                        "selector": [],
                        "storage_class_name": "",
                        "volume_mode": "Filesystem",
                        "volume_name": ""
                      }
                    ]
                  }
                ]
              }
            ],
            "timeouts": null,
            "wait_for_rollout": true
          },
          "sensitive_attributes": [],
          "identity_schema_version": 1,
          "identity": {
            "api_version": "apps/v1",
            "kind": "StatefulSet",
            "name": "postgres",
            "namespace": "mega-project-ns"
          },
          "private": "eyJlMmJmYjczMC1lY2FhLTExZTYtOGY4OC0zNDM2M2JjN2M0YzAiOnsiY3JlYXRlIjo2MDAwMDAwMDAwMDAsImRlbGV0ZSI6NjAwMDAwMDAwMDAwLCJyZWFkIjo2MDAwMDAwMDAwMDAsInVwZGF0ZSI6NjAwMDAwMDAwMDAwfSwic2NoZW1hX3ZlcnNpb24iOiIxIn0=",
          "dependencies": [
            "kubernetes_namespace.mega_project",
            "kubernetes_secret.postgres_secret",
            "kubernetes_service.postgres_service"
          ]
        }
      ]
    },
    {
      "mode": "managed",
      "type": "null_resource",
      "name": "gateway_api_crds",
      "provider": "provider[\"registry.terraform.io/hashicorp/null\"]",
      "instances": [
        {
          "schema_version": 0,
          "attributes": {
            "id": "5960324490147473155",
            "triggers": null
          },
          "sensitive_attributes": [],
          "identity_schema_version": 0
        }
      ]
    }
  ],
  "check_results": null
}
